
Microsoft Visual Studio Solution File, Format Version 12.00
# Visual Studio 14
VisualStudioVersion = 14.0.25420.1
MinimumVisualStudioVersion = 10.0.40219.1
Project("{FAE04EC0-301F-11D3-BF4B-00C04F79EFBC}") = "NeuralNetwork", "NeuralNetwork\NeuralNetwork.csproj", "{BCDD23B2-A5F1-4F62-9B9B-36B72BD41C8A}"
EndProject
Global
	GlobalSection(SolutionConfigurationPlatforms) = preSolution
		Debug|Any CPU = Debug|Any CPU
		Release|Any CPU = Release|Any CPU
	EndGlobalSection
	GlobalSection(ProjectConfigurationPlatforms) = postSolution
		{BCDD23B2-A5F1-4F62-9B9B-36B72BD41C8A}.Debug|Any CPU.ActiveCfg = Debug|Any CPU
		{BCDD23B2-A5F1-4F62-9B9B-36B72BD41C8A}.Debug|Any CPU.Build.0 = Debug|Any CPU
		{BCDD23B2-A5F1-4F62-9B9B-36B72BD41C8A}.Release|Any CPU.ActiveCfg = Release|Any CPU
		{BCDD23B2-A5F1-4F62-9B9B-36B72BD41C8A}.Release|Any CPU.Build.0 = Release|Any CPU
	EndGlobalSection
	GlobalSection(SolutionProperties) = preSolution
		HideSolutionNode = FALSE
	EndGlobalSection
EndGlobal
